
Microsoft Visual Studio Solution File, Format Version 12.00
# Visual Studio Version 17
VisualStudioVersion = 17.14.36401.2 d17.14
MinimumVisualStudioVersion = 10.0.40219.1
Project("{FAE04EC0-301F-11D3-BF4B-00C04F79EFBC}") = "DbOperationsWithEFCoreApp", "DbOperationsWithEFCoreApp\DbOperationsWithEFCoreApp.csproj", "{42795357-4AC8-47B9-8EDA-332FCBDB6ABB}"
EndProject
Global
	GlobalSection(SolutionConfigurationPlatforms) = preSolution
		Debug|Any CPU = Debug|Any CPU
		Release|Any CPU = Release|Any CPU
	EndGlobalSection
	GlobalSection(ProjectConfigurationPlatforms) = postSolution
		{42795357-4AC8-47B9-8EDA-332FCBDB6ABB}.Debug|Any CPU.ActiveCfg = Debug|Any CPU
		{42795357-4AC8-47B9-8EDA-332FCBDB6ABB}.Debug|Any CPU.Build.0 = Debug|Any CPU
		{42795357-4AC8-47B9-8EDA-332FCBDB6ABB}.Release|Any CPU.ActiveCfg = Release|Any CPU
		{42795357-4AC8-47B9-8EDA-332FCBDB6ABB}.Release|Any CPU.Build.0 = Release|Any CPU
	EndGlobalSection
	GlobalSection(SolutionProperties) = preSolution
		HideSolutionNode = FALSE
	EndGlobalSection
	GlobalSection(ExtensibilityGlobals) = postSolution
		SolutionGuid = {F468E160-53DB-4A7A-8F76-44B3582B485C}
	EndGlobalSection
EndGlobal
